
Microsoft Visual Studio Solution File, Format Version 12.00
# Visual Studio Version 17
VisualStudioVersion = 17.5.33424.131
MinimumVisualStudioVersion = 10.0.40219.1
Project("{8BC9CEB8-8B4A-11D0-8D11-00A0C91BC942}") = "dojang", "dojang\dojang.vcxproj", "{A0822830-7C0E-4ACE-8A97-E22CA5319EAE}"
EndProject
Global
	GlobalSection(SolutionConfigurationPlatforms) = preSolution
		Debug|x64 = Debug|x64
		Debug|x86 = Debug|x86
		Release|x64 = Release|x64
		Release|x86 = Release|x86
	EndGlobalSection
	GlobalSection(ProjectConfigurationPlatforms) = postSolution
		{A0822830-7C0E-4ACE-8A97-E22CA5319EAE}.Debug|x64.ActiveCfg = Debug|x64
		{A0822830-7C0E-4ACE-8A97-E22CA5319EAE}.Debug|x64.Build.0 = Debug|x64
		{A0822830-7C0E-4ACE-8A97-E22CA5319EAE}.Debug|x86.ActiveCfg = Debug|Win32
		{A0822830-7C0E-4ACE-8A97-E22CA5319EAE}.Debug|x86.Build.0 = Debug|Win32
		{A0822830-7C0E-4ACE-8A97-E22CA5319EAE}.Release|x64.ActiveCfg = Release|x64
		{A0822830-7C0E-4ACE-8A97-E22CA5319EAE}.Release|x64.Build.0 = Release|x64
		{A0822830-7C0E-4ACE-8A97-E22CA5319EAE}.Release|x86.ActiveCfg = Release|Win32
		{A0822830-7C0E-4ACE-8A97-E22CA5319EAE}.Release|x86.Build.0 = Release|Win32
	EndGlobalSection
	GlobalSection(SolutionProperties) = preSolution
		HideSolutionNode = FALSE
	EndGlobalSection
	GlobalSection(ExtensibilityGlobals) = postSolution
		SolutionGuid = {E4591505-94F1-45BF-AA30-280062D3DBBC}
	EndGlobalSection
EndGlobal
